// !$*UTF8*$!
{
	archiveVersion = 1;
	classes = {
	};
	objectVersion = 48;
	objects = {

/* Begin PBXBuildFile section */
		00D91B63201C482B004B93D0 /* MeCollectionViewCell.swift in Sources */ = {isa = PBXBuildFile; fileRef = 00D91B61201C482B004B93D0 /* MeCollectionViewCell.swift */; };
		00D91B64201C482B004B93D0 /* MeCollectionViewCell.xib in Resources */ = {isa = PBXBuildFile; fileRef = 00D91B62201C482B004B93D0 /* MeCollectionViewCell.xib */; };
		00D91B6B201C68F1004B93D0 /* BroDisViewController.swift in Sources */ = {isa = PBXBuildFile; fileRef = 00D91B69201C68F1004B93D0 /* BroDisViewController.swift */; };
		00D91B6C201C68F1004B93D0 /* BroDisViewController.xib in Resources */ = {isa = PBXBuildFile; fileRef = 00D91B6A201C68F1004B93D0 /* BroDisViewController.xib */; };
		00D91B6E201C696E004B93D0 /* HeadTextView.swift in Sources */ = {isa = PBXBuildFile; fileRef = 00D91B6D201C696E004B93D0 /* HeadTextView.swift */; };
		00D91B70201C697F004B93D0 /* HeadTextView.xib in Resources */ = {isa = PBXBuildFile; fileRef = 00D91B6F201C697F004B93D0 /* HeadTextView.xib */; };
		00F5500220198EB000CD1FDF /* LoginViewController.swift in Sources */ = {isa = PBXBuildFile; fileRef = 00F5500020198EB000CD1FDF /* LoginViewController.swift */; };
		00F5500320198EB000CD1FDF /* LoginViewController.xib in Resources */ = {isa = PBXBuildFile; fileRef = 00F5500120198EB000CD1FDF /* LoginViewController.xib */; };
		00F550052019BC0B00CD1FDF /* BaseViewController.swift in Sources */ = {isa = PBXBuildFile; fileRef = 00F550042019BC0B00CD1FDF /* BaseViewController.swift */; };
		00FB5505201ACB6B00646485 /* LaunchIntroductionView.m in Sources */ = {isa = PBXBuildFile; fileRef = 00FB5504201ACB6B00646485 /* LaunchIntroductionView.m */; };
		00FB550A201AD1D900646485 /* RegistViewController.swift in Sources */ = {isa = PBXBuildFile; fileRef = 00FB5508201AD1D900646485 /* RegistViewController.swift */; };
		00FB550B201AD1D900646485 /* RegistViewController.xib in Resources */ = {isa = PBXBuildFile; fileRef = 00FB5509201AD1D900646485 /* RegistViewController.xib */; };
		00FB550D201B152100646485 /* Regular.swift in Sources */ = {isa = PBXBuildFile; fileRef = 00FB550C201B152100646485 /* Regular.swift */; };
		00FB5512201B2A5400646485 /* ForgetPasswordViewController.swift in Sources */ = {isa = PBXBuildFile; fileRef = 00FB5510201B2A5400646485 /* ForgetPasswordViewController.swift */; };
		00FB5513201B2A5400646485 /* ForgetPasswordViewController.xib in Resources */ = {isa = PBXBuildFile; fileRef = 00FB5511201B2A5400646485 /* ForgetPasswordViewController.xib */; };
		00FB551C201B471500646485 /* MeHeadView.swift in Sources */ = {isa = PBXBuildFile; fileRef = 00FB551B201B471500646485 /* MeHeadView.swift */; };
		00FB551E201B472000646485 /* MeHeadView.xib in Resources */ = {isa = PBXBuildFile; fileRef = 00FB551D201B472000646485 /* MeHeadView.xib */; };
		040AF5651FF5F58B0038C0B8 /* Alamofire.framework in Frameworks */ = {isa = PBXBuildFile; fileRef = 040AF5661FF5F58B0038C0B8 /* Alamofire.framework */; };
		040AF56E1FF631D30038C0B8 /* HomeViewController.swift in Sources */ = {isa = PBXBuildFile; fileRef = 042DF8311FECFCB800F5E021 /* HomeViewController.swift */; };
		0413C57A1FFE22C5007E19BD /* TYCyclePagerViewCell.swift in Sources */ = {isa = PBXBuildFile; fileRef = 0413C5791FFE22C5007E19BD /* TYCyclePagerViewCell.swift */; };
		04142FF81FF0D2ED00E72DDD /* LDXFile.swift in Sources */ = {isa = PBXBuildFile; fileRef = 04142FF71FF0D2ED00E72DDD /* LDXFile.swift */; };
		04142FFE1FF0E37900E72DDD /* HomeTableViewCell.swift in Sources */ = {isa = PBXBuildFile; fileRef = 04142FFC1FF0E37900E72DDD /* HomeTableViewCell.swift */; };
		04142FFF1FF0E37900E72DDD /* HomeTableViewCell.xib in Resources */ = {isa = PBXBuildFile; fileRef = 04142FFD1FF0E37900E72DDD /* HomeTableViewCell.xib */; };
		041E48BE1FF37A87008248D5 /* SwiftNotice.swift in Sources */ = {isa = PBXBuildFile; fileRef = 041E48BD1FF37A86008248D5 /* SwiftNotice.swift */; };
		042DF7F81FECF7BE00F5E021 /* AppDelegate.swift in Sources */ = {isa = PBXBuildFile; fileRef = 042DF7F71FECF7BE00F5E021 /* AppDelegate.swift */; };
		042DF7FA1FECF7BE00F5E021 /* ViewController.swift in Sources */ = {isa = PBXBuildFile; fileRef = 042DF7F91FECF7BE00F5E021 /* ViewController.swift */; };
		042DF7FD1FECF7BE00F5E021 /* Main.storyboard in Resources */ = {isa = PBXBuildFile; fileRef = 042DF7FB1FECF7BE00F5E021 /* Main.storyboard */; };
		042DF7FF1FECF7BE00F5E021 /* Assets.xcassets in Resources */ = {isa = PBXBuildFile; fileRef = 042DF7FE1FECF7BE00F5E021 /* Assets.xcassets */; };
		042DF8021FECF7BE00F5E021 /* LaunchScreen.storyboard in Resources */ = {isa = PBXBuildFile; fileRef = 042DF8001FECF7BE00F5E021 /* LaunchScreen.storyboard */; };
		042DF80D1FECF7BE00F5E021 /* LDX_SwiftBaseTests.swift in Sources */ = {isa = PBXBuildFile; fileRef = 042DF80C1FECF7BE00F5E021 /* LDX_SwiftBaseTests.swift */; };
		042DF8181FECF7BE00F5E021 /* LDX_SwiftBaseUITests.swift in Sources */ = {isa = PBXBuildFile; fileRef = 042DF8171FECF7BE00F5E021 /* LDX_SwiftBaseUITests.swift */; };
		042DF8281FECF88500F5E021 /* MainTabBarViewController.swift in Sources */ = {isa = PBXBuildFile; fileRef = 042DF8271FECF88500F5E021 /* MainTabBarViewController.swift */; };
		042DF82A1FECF8BA00F5E021 /* MainNavigationController.swift in Sources */ = {isa = PBXBuildFile; fileRef = 042DF8291FECF8BA00F5E021 /* MainNavigationController.swift */; };
		042DF8341FECFCE800F5E021 /* TabBarSecViewController.swift in Sources */ = {isa = PBXBuildFile; fileRef = 042DF8331FECFCE800F5E021 /* TabBarSecViewController.swift */; };
		042DF8361FECFCFB00F5E021 /* TabBarThirViewController.swift in Sources */ = {isa = PBXBuildFile; fileRef = 042DF8351FECFCFB00F5E021 /* TabBarThirViewController.swift */; };
		042DF8381FECFD0500F5E021 /* MeViewController.swift in Sources */ = {isa = PBXBuildFile; fileRef = 042DF8371FECFD0500F5E021 /* MeViewController.swift */; };
		044BE5932005E8F600427691 /* UNoticeBar.swift in Sources */ = {isa = PBXBuildFile; fileRef = 044BE5922005E8F500427691 /* UNoticeBar.swift */; };
		044BE59B2005F8E300427691 /* HomeCollectionViewCell.swift in Sources */ = {isa = PBXBuildFile; fileRef = 044BE5992005F8E300427691 /* HomeCollectionViewCell.swift */; };
		044BE59C2005F8E300427691 /* HomeCollectionViewCell.xib in Resources */ = {isa = PBXBuildFile; fileRef = 044BE59A2005F8E300427691 /* HomeCollectionViewCell.xib */; };
		0452EA911FF49BE6008230EB /* NetworkTool.swift in Sources */ = {isa = PBXBuildFile; fileRef = 0452EA901FF49BE6008230EB /* NetworkTool.swift */; };
		048F24EE2003738600097209 /* SQPageControl.swift in Sources */ = {isa = PBXBuildFile; fileRef = 048F24EB2003738500097209 /* SQPageControl.swift */; };
		048F24EF2003738600097209 /* SQDotView.swift in Sources */ = {isa = PBXBuildFile; fileRef = 048F24EC2003738600097209 /* SQDotView.swift */; };
		048F24F02003738600097209 /* SQAutoScrollView.swift in Sources */ = {isa = PBXBuildFile; fileRef = 048F24ED2003738600097209 /* SQAutoScrollView.swift */; };
		048F24F42003745900097209 /* Extension+UIBarButtonItem.swift in Sources */ = {isa = PBXBuildFile; fileRef = 048F24F12003745800097209 /* Extension+UIBarButtonItem.swift */; };
		048F24F52003745900097209 /* Extension+UIView.swift in Sources */ = {isa = PBXBuildFile; fileRef = 048F24F22003745800097209 /* Extension+UIView.swift */; };
		048F24F62003745900097209 /* Extension+String.swift in Sources */ = {isa = PBXBuildFile; fileRef = 048F24F32003745900097209 /* Extension+String.swift */; };
		048F24F92003747100097209 /* WebViewController.m in Sources */ = {isa = PBXBuildFile; fileRef = 048F24F72003747100097209 /* WebViewController.m */; };
		04EC91D71FF4EF5D00902F0F /* HomeModel.swift in Sources */ = {isa = PBXBuildFile; fileRef = 04EC91D61FF4EF5D00902F0F /* HomeModel.swift */; };
		04FE56671FFCC33600A59434 /* HomeHeadView.swift in Sources */ = {isa = PBXBuildFile; fileRef = 04FE56661FFCC33600A59434 /* HomeHeadView.swift */; };
		04FE56691FFCC34400A59434 /* HomeHeadView.xib in Resources */ = {isa = PBXBuildFile; fileRef = 04FE56681FFCC34400A59434 /* HomeHeadView.xib */; };
		435E408C200DAB36003B1044 /* MerDetailViewController.swift in Sources */ = {isa = PBXBuildFile; fileRef = 435E408B200DAB36003B1044 /* MerDetailViewController.swift */; };
		435E4091200DF1AC003B1044 /* DetailSegmentView.swift in Sources */ = {isa = PBXBuildFile; fileRef = 435E4090200DF1AC003B1044 /* DetailSegmentView.swift */; };
		435E4093200DF1B5003B1044 /* DetailSegmentView.xib in Resources */ = {isa = PBXBuildFile; fileRef = 435E4092200DF1B5003B1044 /* DetailSegmentView.xib */; };
		438E29B6200C5A3D001506D3 /* HomeViewController.swift in Sources */ = {isa = PBXBuildFile; fileRef = 042DF8311FECFCB800F5E021 /* HomeViewController.swift */; };
		43C0DFA4200C9DE800A8C3C0 /* UBaseCollectionViewCell.swift in Sources */ = {isa = PBXBuildFile; fileRef = 43C0DFA0200C9DE600A8C3C0 /* UBaseCollectionViewCell.swift */; };
		43C0DFA5200C9DE800A8C3C0 /* UBaseTableViewHeaderFooterView.swift in Sources */ = {isa = PBXBuildFile; fileRef = 43C0DFA1200C9DE700A8C3C0 /* UBaseTableViewHeaderFooterView.swift */; };
		43C0DFA6200C9DE800A8C3C0 /* UBaseCollectionReusableView.swift in Sources */ = {isa = PBXBuildFile; fileRef = 43C0DFA2200C9DE700A8C3C0 /* UBaseCollectionReusableView.swift */; };
		43C0DFA7200C9DE800A8C3C0 /* UBaseTableViewCell.swift in Sources */ = {isa = PBXBuildFile; fileRef = 43C0DFA3200C9DE800A8C3C0 /* UBaseTableViewCell.swift */; };
		491C16FFF77A4188B8277CBB /* Pods_LDX_SwiftBase.framework in Frameworks */ = {isa = PBXBuildFile; fileRef = DB89F1AFEED9F1E2A4CEAF28 /* Pods_LDX_SwiftBase.framework */; };
		99746C082016D2D800B02DBB /* LPBannerView.swift in Sources */ = {isa = PBXBuildFile; fileRef = 99746C062016D2D800B02DBB /* LPBannerView.swift */; };
		99746C092016D2D800B02DBB /* LPBannerCell.swift in Sources */ = {isa = PBXBuildFile; fileRef = 99746C072016D2D800B02DBB /* LPBannerCell.swift */; };
		99746C112016DE6F00B02DBB /* MerUPView.swift in Sources */ = {isa = PBXBuildFile; fileRef = 99746C102016DE6F00B02DBB /* MerUPView.swift */; };
		99746C142016DEA900B02DBB /* MerUPView.xib in Resources */ = {isa = PBXBuildFile; fileRef = 99746C132016DEA900B02DBB /* MerUPView.xib */; };
		99746C1B20171D2100B02DBB /* EvaCenViewController.swift in Sources */ = {isa = PBXBuildFile; fileRef = 99746C1920171D2100B02DBB /* EvaCenViewController.swift */; };
		99746C1C20171D2100B02DBB /* EvaCenViewController.xib in Resources */ = {isa = PBXBuildFile; fileRef = 99746C1A20171D2100B02DBB /* EvaCenViewController.xib */; };
		99746C1E201725A900B02DBB /* TabDetailView.swift in Sources */ = {isa = PBXBuildFile; fileRef = 99746C1D201725A900B02DBB /* TabDetailView.swift */; };
		99746C22201725C000B02DBB /* TabDetailView.xib in Resources */ = {isa = PBXBuildFile; fileRef = 99746C21201725C000B02DBB /* TabDetailView.xib */; };
		99746C2420172D9F00B02DBB /* DetDownViewController.swift in Sources */ = {isa = PBXBuildFile; fileRef = 99746C2320172D9F00B02DBB /* DetDownViewController.swift */; };
/* End PBXBuildFile section */

/* Begin PBXContainerItemProxy section */
		042DF8091FECF7BE00F5E021 /* PBXContainerItemProxy */ = {
			isa = PBXContainerItemProxy;
			containerPortal = 042DF7EC1FECF7BD00F5E021 /* Project object */;
			proxyType = 1;
			remoteGlobalIDString = 042DF7F31FECF7BE00F5E021;
			remoteInfo = LDX_SwiftBase;
		};
		042DF8141FECF7BE00F5E021 /* PBXContainerItemProxy */ = {
			isa = PBXContainerItemProxy;
			containerPortal = 042DF7EC1FECF7BD00F5E021 /* Project object */;
			proxyType = 1;
			remoteGlobalIDString = 042DF7F31FECF7BE00F5E021;
			remoteInfo = LDX_SwiftBase;
		};
/* End PBXContainerItemProxy section */

/* Begin PBXCopyFilesBuildPhase section */
		040AF5641FF5F55A0038C0B8 /* Embed Frameworks */ = {
			isa = PBXCopyFilesBuildPhase;
			buildActionMask = 2147483647;
			dstPath = "";
			dstSubfolderSpec = 10;
			files = (
			);
			name = "Embed Frameworks";
			runOnlyForDeploymentPostprocessing = 0;
		};
/* End PBXCopyFilesBuildPhase section */

/* Begin PBXFileReference section */
		00D91B61201C482B004B93D0 /* MeCollectionViewCell.swift */ = {isa = PBXFileReference; lastKnownFileType = sourcecode.swift; path = MeCollectionViewCell.swift; sourceTree = "<group>"; };
		00D91B62201C482B004B93D0 /* MeCollectionViewCell.xib */ = {isa = PBXFileReference; lastKnownFileType = file.xib; path = MeCollectionViewCell.xib; sourceTree = "<group>"; };
		00D91B69201C68F1004B93D0 /* BroDisViewController.swift */ = {isa = PBXFileReference; lastKnownFileType = sourcecode.swift; path = BroDisViewController.swift; sourceTree = "<group>"; };
		00D91B6A201C68F1004B93D0 /* BroDisViewController.xib */ = {isa = PBXFileReference; lastKnownFileType = file.xib; path = BroDisViewController.xib; sourceTree = "<group>"; };
		00D91B6D201C696E004B93D0 /* HeadTextView.swift */ = {isa = PBXFileReference; lastKnownFileType = sourcecode.swift; path = HeadTextView.swift; sourceTree = "<group>"; };
		00D91B6F201C697F004B93D0 /* HeadTextView.xib */ = {isa = PBXFileReference; lastKnownFileType = file.xib; path = HeadTextView.xib; sourceTree = "<group>"; };
		00F5500020198EB000CD1FDF /* LoginViewController.swift */ = {isa = PBXFileReference; lastKnownFileType = sourcecode.swift; path = LoginViewController.swift; sourceTree = "<group>"; };
		00F5500120198EB000CD1FDF /* LoginViewController.xib */ = {isa = PBXFileReference; lastKnownFileType = file.xib; path = LoginViewController.xib; sourceTree = "<group>"; };
		00F550042019BC0B00CD1FDF /* BaseViewController.swift */ = {isa = PBXFileReference; lastKnownFileType = sourcecode.swift; path = BaseViewController.swift; sourceTree = "<group>"; };
		00FB5503201ACB6A00646485 /* LaunchIntroductionView.h */ = {isa = PBXFileReference; fileEncoding = 4; lastKnownFileType = sourcecode.c.h; path = LaunchIntroductionView.h; sourceTree = "<group>"; };
		00FB5504201ACB6B00646485 /* LaunchIntroductionView.m */ = {isa = PBXFileReference; fileEncoding = 4; lastKnownFileType = sourcecode.c.objc; path = LaunchIntroductionView.m; sourceTree = "<group>"; };
		00FB5508201AD1D900646485 /* RegistViewController.swift */ = {isa = PBXFileReference; lastKnownFileType = sourcecode.swift; path = RegistViewController.swift; sourceTree = "<group>"; };
		00FB5509201AD1D900646485 /* RegistViewController.xib */ = {isa = PBXFileReference; lastKnownFileType = file.xib; path = RegistViewController.xib; sourceTree = "<group>"; };
		00FB550C201B152100646485 /* Regular.swift */ = {isa = PBXFileReference; lastKnownFileType = sourcecode.swift; path = Regular.swift; sourceTree = "<group>"; };
		00FB5510201B2A5400646485 /* ForgetPasswordViewController.swift */ = {isa = PBXFileReference; lastKnownFileType = sourcecode.swift; path = ForgetPasswordViewController.swift; sourceTree = "<group>"; };
		00FB5511201B2A5400646485 /* ForgetPasswordViewController.xib */ = {isa = PBXFileReference; lastKnownFileType = file.xib; path = ForgetPasswordViewController.xib; sourceTree = "<group>"; };
		00FB551B201B471500646485 /* MeHeadView.swift */ = {isa = PBXFileReference; lastKnownFileType = sourcecode.swift; path = MeHeadView.swift; sourceTree = "<group>"; };
		00FB551D201B472000646485 /* MeHeadView.xib */ = {isa = PBXFileReference; lastKnownFileType = file.xib; path = MeHeadView.xib; sourceTree = "<group>"; };
		040AF5601FF5F54C0038C0B8 /* Alamofire.framework */ = {isa = PBXFileReference; explicitFileType = wrapper.framework; path = Alamofire.framework; sourceTree = BUILT_PRODUCTS_DIR; };
		040AF5661FF5F58B0038C0B8 /* Alamofire.framework */ = {isa = PBXFileReference; explicitFileType = wrapper.framework; path = Alamofire.framework; sourceTree = BUILT_PRODUCTS_DIR; };
		0413C5791FFE22C5007E19BD /* TYCyclePagerViewCell.swift */ = {isa = PBXFileReference; fileEncoding = 4; lastKnownFileType = sourcecode.swift; path = TYCyclePagerViewCell.swift; sourceTree = "<group>"; };
		04142FF71FF0D2ED00E72DDD /* LDXFile.swift */ = {isa = PBXFileReference; lastKnownFileType = sourcecode.swift; path = LDXFile.swift; sourceTree = "<group>"; };
		04142FFC1FF0E37900E72DDD /* HomeTableViewCell.swift */ = {isa = PBXFileReference; lastKnownFileType = sourcecode.swift; path = HomeTableViewCell.swift; sourceTree = "<group>"; };
		04142FFD1FF0E37900E72DDD /* HomeTableViewCell.xib */ = {isa = PBXFileReference; lastKnownFileType = file.xib; path = HomeTableViewCell.xib; sourceTree = "<group>"; };
		041E48BD1FF37A86008248D5 /* SwiftNotice.swift */ = {isa = PBXFileReference; fileEncoding = 4; lastKnownFileType = sourcecode.swift; path = SwiftNotice.swift; sourceTree = "<group>"; };
		042DF7F41FECF7BE00F5E021 /* LDX_SwiftBase.app */ = {isa = PBXFileReference; explicitFileType = wrapper.application; includeInIndex = 0; path = LDX_SwiftBase.app; sourceTree = BUILT_PRODUCTS_DIR; };
		042DF7F71FECF7BE00F5E021 /* AppDelegate.swift */ = {isa = PBXFileReference; lastKnownFileType = sourcecode.swift; path = AppDelegate.swift; sourceTree = "<group>"; };
		042DF7F91FECF7BE00F5E021 /* ViewController.swift */ = {isa = PBXFileReference; lastKnownFileType = sourcecode.swift; path = ViewController.swift; sourceTree = "<group>"; };
		042DF7FC1FECF7BE00F5E021 /* Base */ = {isa = PBXFileReference; lastKnownFileType = file.storyboard; name = Base; path = Base.lproj/Main.storyboard; sourceTree = "<group>"; };
		042DF7FE1FECF7BE00F5E021 /* Assets.xcassets */ = {isa = PBXFileReference; lastKnownFileType = folder.assetcatalog; path = Assets.xcassets; sourceTree = "<group>"; };
		042DF8011FECF7BE00F5E021 /* Base */ = {isa = PBXFileReference; lastKnownFileType = file.storyboard; name = Base; path = Base.lproj/LaunchScreen.storyboard; sourceTree = "<group>"; };
		042DF8031FECF7BE00F5E021 /* Info.plist */ = {isa = PBXFileReference; lastKnownFileType = text.plist.xml; path = Info.plist; sourceTree = "<group>"; };
		042DF8081FECF7BE00F5E021 /* LDX_SwiftBaseTests.xctest */ = {isa = PBXFileReference; explicitFileType = wrapper.cfbundle; includeInIndex = 0; path = LDX_SwiftBaseTests.xctest; sourceTree = BUILT_PRODUCTS_DIR; };
		042DF80C1FECF7BE00F5E021 /* LDX_SwiftBaseTests.swift */ = {isa = PBXFileReference; lastKnownFileType = sourcecode.swift; path = LDX_SwiftBaseTests.swift; sourceTree = "<group>"; };
		042DF80E1FECF7BE00F5E021 /* Info.plist */ = {isa = PBXFileReference; lastKnownFileType = text.plist.xml; path = Info.plist; sourceTree = "<group>"; };
		042DF8131FECF7BE00F5E021 /* LDX_SwiftBaseUITests.xctest */ = {isa = PBXFileReference; explicitFileType = wrapper.cfbundle; includeInIndex = 0; path = LDX_SwiftBaseUITests.xctest; sourceTree = BUILT_PRODUCTS_DIR; };
		042DF8171FECF7BE00F5E021 /* LDX_SwiftBaseUITests.swift */ = {isa = PBXFileReference; lastKnownFileType = sourcecode.swift; path = LDX_SwiftBaseUITests.swift; sourceTree = "<group>"; };
		042DF8191FECF7BE00F5E021 /* Info.plist */ = {isa = PBXFileReference; lastKnownFileType = text.plist.xml; path = Info.plist; sourceTree = "<group>"; };
		042DF8271FECF88500F5E021 /* MainTabBarViewController.swift */ = {isa = PBXFileReference; lastKnownFileType = sourcecode.swift; path = MainTabBarViewController.swift; sourceTree = "<group>"; };
		042DF8291FECF8BA00F5E021 /* MainNavigationController.swift */ = {isa = PBXFileReference; lastKnownFileType = sourcecode.swift; path = MainNavigationController.swift; sourceTree = "<group>"; };
		042DF8311FECFCB800F5E021 /* HomeViewController.swift */ = {isa = PBXFileReference; lastKnownFileType = sourcecode.swift; path = HomeViewController.swift; sourceTree = "<group>"; };
		042DF8331FECFCE800F5E021 /* TabBarSecViewController.swift */ = {isa = PBXFileReference; lastKnownFileType = sourcecode.swift; path = TabBarSecViewController.swift; sourceTree = "<group>"; };
		042DF8351FECFCFB00F5E021 /* TabBarThirViewController.swift */ = {isa = PBXFileReference; lastKnownFileType = sourcecode.swift; path = TabBarThirViewController.swift; sourceTree = "<group>"; };
		042DF8371FECFD0500F5E021 /* MeViewController.swift */ = {isa = PBXFileReference; lastKnownFileType = sourcecode.swift; path = MeViewController.swift; sourceTree = "<group>"; };
		044BE5922005E8F500427691 /* UNoticeBar.swift */ = {isa = PBXFileReference; fileEncoding = 4; lastKnownFileType = sourcecode.swift; path = UNoticeBar.swift; sourceTree = "<group>"; };
		044BE5992005F8E300427691 /* HomeCollectionViewCell.swift */ = {isa = PBXFileReference; lastKnownFileType = sourcecode.swift; path = HomeCollectionViewCell.swift; sourceTree = "<group>"; };
		044BE59A2005F8E300427691 /* HomeCollectionViewCell.xib */ = {isa = PBXFileReference; lastKnownFileType = file.xib; path = HomeCollectionViewCell.xib; sourceTree = "<group>"; };
		0452EA901FF49BE6008230EB /* NetworkTool.swift */ = {isa = PBXFileReference; lastKnownFileType = sourcecode.swift; path = NetworkTool.swift; sourceTree = "<group>"; };
		048F24EB2003738500097209 /* SQPageControl.swift */ = {isa = PBXFileReference; fileEncoding = 4; lastKnownFileType = sourcecode.swift; path = SQPageControl.swift; sourceTree = "<group>"; };
		048F24EC2003738600097209 /* SQDotView.swift */ = {isa = PBXFileReference; fileEncoding = 4; lastKnownFileType = sourcecode.swift; path = SQDotView.swift; sourceTree = "<group>"; };
		048F24ED2003738600097209 /* SQAutoScrollView.swift */ = {isa = PBXFileReference; fileEncoding = 4; lastKnownFileType = sourcecode.swift; path = SQAutoScrollView.swift; sourceTree = "<group>"; };
		048F24F12003745800097209 /* Extension+UIBarButtonItem.swift */ = {isa = PBXFileReference; fileEncoding = 4; lastKnownFileType = sourcecode.swift; path = "Extension+UIBarButtonItem.swift"; sourceTree = "<group>"; };
		048F24F22003745800097209 /* Extension+UIView.swift */ = {isa = PBXFileReference; fileEncoding = 4; lastKnownFileType = sourcecode.swift; path = "Extension+UIView.swift"; sourceTree = "<group>"; };
		048F24F32003745900097209 /* Extension+String.swift */ = {isa = PBXFileReference; fileEncoding = 4; lastKnownFileType = sourcecode.swift; path = "Extension+String.swift"; sourceTree = "<group>"; };
		048F24F72003747100097209 /* WebViewController.m */ = {isa = PBXFileReference; fileEncoding = 4; lastKnownFileType = sourcecode.c.objc; path = WebViewController.m; sourceTree = "<group>"; };
		048F24F82003747100097209 /* WebViewController.h */ = {isa = PBXFileReference; fileEncoding = 4; lastKnownFileType = sourcecode.c.h; path = WebViewController.h; sourceTree = "<group>"; };
		04EC91D61FF4EF5D00902F0F /* HomeModel.swift */ = {isa = PBXFileReference; lastKnownFileType = sourcecode.swift; path = HomeModel.swift; sourceTree = "<group>"; };
		04FE56661FFCC33600A59434 /* HomeHeadView.swift */ = {isa = PBXFileReference; lastKnownFileType = sourcecode.swift; path = HomeHeadView.swift; sourceTree = "<group>"; };
		04FE56681FFCC34400A59434 /* HomeHeadView.xib */ = {isa = PBXFileReference; lastKnownFileType = file.xib; path = HomeHeadView.xib; sourceTree = "<group>"; };
		3BEBD4F83217B5D5652AC255 /* Pods-LDX_SwiftBase.release.xcconfig */ = {isa = PBXFileReference; includeInIndex = 1; lastKnownFileType = text.xcconfig; name = "Pods-LDX_SwiftBase.release.xcconfig"; path = "Pods/Target Support Files/Pods-LDX_SwiftBase/Pods-LDX_SwiftBase.release.xcconfig"; sourceTree = "<group>"; };
		435E408B200DAB36003B1044 /* MerDetailViewController.swift */ = {isa = PBXFileReference; lastKnownFileType = sourcecode.swift; path = MerDetailViewController.swift; sourceTree = "<group>"; };
		435E4090200DF1AC003B1044 /* DetailSegmentView.swift */ = {isa = PBXFileReference; lastKnownFileType = sourcecode.swift; path = DetailSegmentView.swift; sourceTree = "<group>"; };
		435E4092200DF1B5003B1044 /* DetailSegmentView.xib */ = {isa = PBXFileReference; lastKnownFileType = file.xib; path = DetailSegmentView.xib; sourceTree = "<group>"; };
		438E29AA200C541E001506D3 /* LDXFile.h */ = {isa = PBXFileReference; lastKnownFileType = sourcecode.c.h; path = LDXFile.h; sourceTree = "<group>"; };
		43C0DFA0200C9DE600A8C3C0 /* UBaseCollectionViewCell.swift */ = {isa = PBXFileReference; fileEncoding = 4; lastKnownFileType = sourcecode.swift; path = UBaseCollectionViewCell.swift; sourceTree = "<group>"; };
		43C0DFA1200C9DE700A8C3C0 /* UBaseTableViewHeaderFooterView.swift */ = {isa = PBXFileReference; fileEncoding = 4; lastKnownFileType = sourcecode.swift; path = UBaseTableViewHeaderFooterView.swift; sourceTree = "<group>"; };
		43C0DFA2200C9DE700A8C3C0 /* UBaseCollectionReusableView.swift */ = {isa = PBXFileReference; fileEncoding = 4; lastKnownFileType = sourcecode.swift; path = UBaseCollectionReusableView.swift; sourceTree = "<group>"; };
		43C0DFA3200C9DE800A8C3C0 /* UBaseTableViewCell.swift */ = {isa = PBXFileReference; fileEncoding = 4; lastKnownFileType = sourcecode.swift; path = UBaseTableViewCell.swift; sourceTree = "<group>"; };
		7B873151EEE83A9F0303CDA1 /* Pods-LDX_SwiftBase.debug.xcconfig */ = {isa = PBXFileReference; includeInIndex = 1; lastKnownFileType = text.xcconfig; name = "Pods-LDX_SwiftBase.debug.xcconfig"; path = "Pods/Target Support Files/Pods-LDX_SwiftBase/Pods-LDX_SwiftBase.debug.xcconfig"; sourceTree = "<group>"; };
		99746C062016D2D800B02DBB /* LPBannerView.swift */ = {isa = PBXFileReference; fileEncoding = 4; lastKnownFileType = sourcecode.swift; path = LPBannerView.swift; sourceTree = "<group>"; };
		99746C072016D2D800B02DBB /* LPBannerCell.swift */ = {isa = PBXFileReference; fileEncoding = 4; lastKnownFileType = sourcecode.swift; path = LPBannerCell.swift; sourceTree = "<group>"; };
		99746C102016DE6F00B02DBB /* MerUPView.swift */ = {isa = PBXFileReference; lastKnownFileType = sourcecode.swift; path = MerUPView.swift; sourceTree = "<group>"; };
		99746C132016DEA900B02DBB /* MerUPView.xib */ = {isa = PBXFileReference; lastKnownFileType = file.xib; path = MerUPView.xib; sourceTree = "<group>"; };
		99746C1920171D2100B02DBB /* EvaCenViewController.swift */ = {isa = PBXFileReference; lastKnownFileType = sourcecode.swift; path = EvaCenViewController.swift; sourceTree = "<group>"; };
		99746C1A20171D2100B02DBB /* EvaCenViewController.xib */ = {isa = PBXFileReference; lastKnownFileType = file.xib; path = EvaCenViewController.xib; sourceTree = "<group>"; };
		99746C1D201725A900B02DBB /* TabDetailView.swift */ = {isa = PBXFileReference; lastKnownFileType = sourcecode.swift; path = TabDetailView.swift; sourceTree = "<group>"; };
		99746C21201725C000B02DBB /* TabDetailView.xib */ = {isa = PBXFileReference; lastKnownFileType = file.xib; path = TabDetailView.xib; sourceTree = "<group>"; };
		99746C2320172D9F00B02DBB /* DetDownViewController.swift */ = {isa = PBXFileReference; lastKnownFileType = sourcecode.swift; path = DetDownViewController.swift; sourceTree = "<group>"; };
		DB89F1AFEED9F1E2A4CEAF28 /* Pods_LDX_SwiftBase.framework */ = {isa = PBXFileReference; explicitFileType = wrapper.framework; includeInIndex = 0; path = Pods_LDX_SwiftBase.framework; sourceTree = BUILT_PRODUCTS_DIR; };
/* End PBXFileReference section */

/* Begin PBXFrameworksBuildPhase section */
		042DF7F11FECF7BE00F5E021 /* Frameworks */ = {
			isa = PBXFrameworksBuildPhase;
			buildActionMask = 2147483647;
			files = (
				040AF5651FF5F58B0038C0B8 /* Alamofire.framework in Frameworks */,
				491C16FFF77A4188B8277CBB /* Pods_LDX_SwiftBase.framework in Frameworks */,
			);
			runOnlyForDeploymentPostprocessing = 0;
		};
		042DF8051FECF7BE00F5E021 /* Frameworks */ = {
			isa = PBXFrameworksBuildPhase;
			buildActionMask = 2147483647;
			files = (
			);
			runOnlyForDeploymentPostprocessing = 0;
		};
		042DF8101FECF7BE00F5E021 /* Frameworks */ = {
			isa = PBXFrameworksBuildPhase;
			buildActionMask = 2147483647;
			files = (
			);
			runOnlyForDeploymentPostprocessing = 0;
		};
/* End PBXFrameworksBuildPhase section */

/* Begin PBXGroup section */
		00D91B65201C6807004B93D0 /* 领卷优惠 */ = {
			isa = PBXGroup;
			children = (
				00D91B68201C68A3004B93D0 /* Model */,
				00D91B67201C689D004B93D0 /* View */,
				00D91B66201C6895004B93D0 /* ViewController */,
			);
			path = "领卷优惠";
			sourceTree = "<group>";
		};
		00D91B66201C6895004B93D0 /* ViewController */ = {
			isa = PBXGroup;
			children = (
				00D91B69201C68F1004B93D0 /* BroDisViewController.swift */,
				00D91B6A201C68F1004B93D0 /* BroDisViewController.xib */,
			);
			path = ViewController;
			sourceTree = "<group>";
		};
		00D91B67201C689D004B93D0 /* View */ = {
			isa = PBXGroup;
			children = (
				00D91B6D201C696E004B93D0 /* HeadTextView.swift */,
				00D91B6F201C697F004B93D0 /* HeadTextView.xib */,
			);
			path = View;
			sourceTree = "<group>";
		};
		00D91B68201C68A3004B93D0 /* Model */ = {
			isa = PBXGroup;
			children = (
			);
			path = Model;
			sourceTree = "<group>";
		};
		00F54FFD20198E5000CD1FDF /* Login[登陆、注册] */ = {
			isa = PBXGroup;
			children = (
				00FB550E201B297900646485 /* ForgetPassword */,
				00FB5506201AD15600646485 /* Register */,
				00F54FFE20198E7A00CD1FDF /* Login */,
			);
			path = "Login[登陆、注册]";
			sourceTree = "<group>";
		};
		00F54FFE20198E7A00CD1FDF /* Login */ = {
			isa = PBXGroup;
			children = (
				00F54FFF20198E9000CD1FDF /* ViewController */,
			);
			path = Login;
			sourceTree = "<group>";
		};
		00F54FFF20198E9000CD1FDF /* ViewController */ = {
			isa = PBXGroup;
			children = (
				00F5500020198EB000CD1FDF /* LoginViewController.swift */,
				00F5500120198EB000CD1FDF /* LoginViewController.xib */,
			);
			path = ViewController;
			sourceTree = "<group>";
		};
		00FB5502201ACB4D00646485 /* LaunchView[引导页] */ = {
			isa = PBXGroup;
			children = (
				00FB5503201ACB6A00646485 /* LaunchIntroductionView.h */,
				00FB5504201ACB6B00646485 /* LaunchIntroductionView.m */,
			);
			path = "LaunchView[引导页]";
			sourceTree = "<group>";
		};
		00FB5506201AD15600646485 /* Register */ = {
			isa = PBXGroup;
			children = (
				00FB5507201AD16100646485 /* ViewController */,
			);
			path = Register;
			sourceTree = "<group>";
		};
		00FB5507201AD16100646485 /* ViewController */ = {
			isa = PBXGroup;
			children = (
				00FB5508201AD1D900646485 /* RegistViewController.swift */,
				00FB5509201AD1D900646485 /* RegistViewController.xib */,
			);
			path = ViewController;
			sourceTree = "<group>";
		};
		00FB550E201B297900646485 /* ForgetPassword */ = {
			isa = PBXGroup;
			children = (
				00FB550F201B298E00646485 /* ViewController */,
			);
			path = ForgetPassword;
			sourceTree = "<group>";
		};
		00FB550F201B298E00646485 /* ViewController */ = {
			isa = PBXGroup;
			children = (
				00FB5510201B2A5400646485 /* ForgetPasswordViewController.swift */,
				00FB5511201B2A5400646485 /* ForgetPasswordViewController.xib */,
			);
			path = ViewController;
			sourceTree = "<group>";
		};
		00FB5514201B357500646485 /* ViewController */ = {
			isa = PBXGroup;
			children = (
				042DF8371FECFD0500F5E021 /* MeViewController.swift */,
			);
			path = ViewController;
			sourceTree = "<group>";
		};
		00FB5515201B358200646485 /* View */ = {
			isa = PBXGroup;
			children = (
				00FB551B201B471500646485 /* MeHeadView.swift */,
				00FB551D201B472000646485 /* MeHeadView.xib */,
				00D91B61201C482B004B93D0 /* MeCollectionViewCell.swift */,
				00D91B62201C482B004B93D0 /* MeCollectionViewCell.xib */,
			);
			path = View;
			sourceTree = "<group>";
		};
		00FB5516201B358800646485 /* Model */ = {
			isa = PBXGroup;
			children = (
			);
			path = Model;
			sourceTree = "<group>";
		};
		040986051FFF5F2B00858BF2 /* WebView[H5页面] */ = {
			isa = PBXGroup;
			children = (
				040986061FFF5F5F00858BF2 /* ViewController */,
			);
			path = "WebView[H5页面]";
			sourceTree = "<group>";
		};
		040986061FFF5F5F00858BF2 /* ViewController */ = {
			isa = PBXGroup;
			children = (
				048F24F82003747100097209 /* WebViewController.h */,
				048F24F72003747100097209 /* WebViewController.m */,
			);
			path = ViewController;
			sourceTree = "<group>";
		};
		0409860E1FFF5F8800858BF2 /* Extension[扩展类] */ = {
			isa = PBXGroup;
			children = (
				048F24F32003745900097209 /* Extension+String.swift */,
				048F24F12003745800097209 /* Extension+UIBarButtonItem.swift */,
				048F24F22003745800097209 /* Extension+UIView.swift */,
				00FB550C201B152100646485 /* Regular.swift */,
			);
			path = "Extension[扩展类]";
			sourceTree = "<group>";
		};
		04142FF91FF0E33E00E72DDD /* ViewController */ = {
			isa = PBXGroup;
			children = (
				042DF8311FECFCB800F5E021 /* HomeViewController.swift */,
			);
			path = ViewController;
			sourceTree = "<group>";
		};
		04142FFA1FF0E34B00E72DDD /* View */ = {
			isa = PBXGroup;
			children = (
				04142FFC1FF0E37900E72DDD /* HomeTableViewCell.swift */,
				0413C5791FFE22C5007E19BD /* TYCyclePagerViewCell.swift */,
				04142FFD1FF0E37900E72DDD /* HomeTableViewCell.xib */,
				04FE56661FFCC33600A59434 /* HomeHeadView.swift */,
				04FE56681FFCC34400A59434 /* HomeHeadView.xib */,
				044BE5992005F8E300427691 /* HomeCollectionViewCell.swift */,
				044BE59A2005F8E300427691 /* HomeCollectionViewCell.xib */,
			);
			path = View;
			sourceTree = "<group>";
		};
		04142FFB1FF0E35100E72DDD /* Model */ = {
			isa = PBXGroup;
			children = (
				04EC91D61FF4EF5D00902F0F /* HomeModel.swift */,
			);
			path = Model;
			sourceTree = "<group>";
		};
		041430001FF117A000E72DDD /* Other[第三方] */ = {
			isa = PBXGroup;
			children = (
				00FB5502201ACB4D00646485 /* LaunchView[引导页] */,
				99746C052016D28000B02DBB /* LPBannerView[走马灯] */,
				044BE5912005E8F500427691 /* NoticeBar[在顶部提示] */,
				048F24EA2003734A00097209 /* SQAutoScrollView[轮播图] */,
				0452EA8F1FF49BB3008230EB /* Network[网络请求] */,
				041E48BC1FF37A72008248D5 /* swiftNotice[提示] */,
			);
			path = "Other[第三方]";
			sourceTree = "<group>";
		};
		041E48BC1FF37A72008248D5 /* swiftNotice[提示] */ = {
			isa = PBXGroup;
			children = (
				041E48BD1FF37A86008248D5 /* SwiftNotice.swift */,
			);
			path = "swiftNotice[提示]";
			sourceTree = "<group>";
		};
		042DF7EB1FECF7BD00F5E021 = {
			isa = PBXGroup;
			children = (
				042DF7F61FECF7BE00F5E021 /* LDX_SwiftBase */,
				042DF80B1FECF7BE00F5E021 /* LDX_SwiftBaseTests */,
				042DF8161FECF7BE00F5E021 /* LDX_SwiftBaseUITests */,
				042DF7F51FECF7BE00F5E021 /* Products */,
				88EBDBC23BBC8B5252C0FC69 /* Pods */,
				3BF8D250AE6B0F50858E0299 /* Frameworks */,
			);
			sourceTree = "<group>";
		};
		042DF7F51FECF7BE00F5E021 /* Products */ = {
			isa = PBXGroup;
			children = (
				042DF7F41FECF7BE00F5E021 /* LDX_SwiftBase.app */,
				042DF8081FECF7BE00F5E021 /* LDX_SwiftBaseTests.xctest */,
				042DF8131FECF7BE00F5E021 /* LDX_SwiftBaseUITests.xctest */,
			);
			name = Products;
			sourceTree = "<group>";
		};
		042DF7F61FECF7BE00F5E021 /* LDX_SwiftBase */ = {
			isa = PBXGroup;
			children = (
				040986051FFF5F2B00858BF2 /* WebView[H5页面] */,
				0409860E1FFF5F8800858BF2 /* Extension[扩展类] */,
				041430001FF117A000E72DDD /* Other[第三方] */,
				042DF8301FECFC8F00F5E021 /* MeVC[我的] */,
				042DF82F1FECFC8500F5E021 /* TabThir[第三个] */,
				042DF82E1FECFC5A00F5E021 /* TabSec[第二个] */,
				042DF82D1FECFC4A00F5E021 /* Home[首页] */,
				00F54FFD20198E5000CD1FDF /* Login[登陆、注册] */,
				042DF8251FECF7EE00F5E021 /* Main */,
				042DF7F71FECF7BE00F5E021 /* AppDelegate.swift */,
				042DF7F91FECF7BE00F5E021 /* ViewController.swift */,
				042DF7FB1FECF7BE00F5E021 /* Main.storyboard */,
				042DF7FE1FECF7BE00F5E021 /* Assets.xcassets */,
				042DF8001FECF7BE00F5E021 /* LaunchScreen.storyboard */,
				042DF8031FECF7BE00F5E021 /* Info.plist */,
				04142FF71FF0D2ED00E72DDD /* LDXFile.swift */,
				438E29AA200C541E001506D3 /* LDXFile.h */,
			);
			path = LDX_SwiftBase;
			sourceTree = "<group>";
		};
		042DF80B1FECF7BE00F5E021 /* LDX_SwiftBaseTests */ = {
			isa = PBXGroup;
			children = (
				042DF80C1FECF7BE00F5E021 /* LDX_SwiftBaseTests.swift */,
				042DF80E1FECF7BE00F5E021 /* Info.plist */,
			);
			path = LDX_SwiftBaseTests;
			sourceTree = "<group>";
		};
		042DF8161FECF7BE00F5E021 /* LDX_SwiftBaseUITests */ = {
			isa = PBXGroup;
			children = (
				042DF8171FECF7BE00F5E021 /* LDX_SwiftBaseUITests.swift */,
				042DF8191FECF7BE00F5E021 /* Info.plist */,
			);
			path = LDX_SwiftBaseUITests;
			sourceTree = "<group>";
		};
		042DF8251FECF7EE00F5E021 /* Main */ = {
			isa = PBXGroup;
			children = (
				43C0DF9F200C9DD300A8C3C0 /* BaseView */,
				042DF8261FECF81B00F5E021 /* BaseController */,
			);
			path = Main;
			sourceTree = "<group>";
		};
		042DF8261FECF81B00F5E021 /* BaseController */ = {
			isa = PBXGroup;
			children = (
				042DF8271FECF88500F5E021 /* MainTabBarViewController.swift */,
				042DF8291FECF8BA00F5E021 /* MainNavigationController.swift */,
				00F550042019BC0B00CD1FDF /* BaseViewController.swift */,
			);
			path = BaseController;
			sourceTree = "<group>";
		};
		042DF82D1FECFC4A00F5E021 /* Home[首页] */ = {
			isa = PBXGroup;
			children = (
				00D91B65201C6807004B93D0 /* 领卷优惠 */,
				435E4082200DAA36003B1044 /* 商品详情 */,
				04142FFB1FF0E35100E72DDD /* Model */,
				04142FFA1FF0E34B00E72DDD /* View */,
				04142FF91FF0E33E00E72DDD /* ViewController */,
			);
			path = "Home[首页]";
			sourceTree = "<group>";
		};
		042DF82E1FECFC5A00F5E021 /* TabSec[第二个] */ = {
			isa = PBXGroup;
			children = (
				042DF8331FECFCE800F5E021 /* TabBarSecViewController.swift */,
			);
			path = "TabSec[第二个]";
			sourceTree = "<group>";
		};
		042DF82F1FECFC8500F5E021 /* TabThir[第三个] */ = {
			isa = PBXGroup;
			children = (
				042DF8351FECFCFB00F5E021 /* TabBarThirViewController.swift */,
			);
			path = "TabThir[第三个]";
			sourceTree = "<group>";
		};
		042DF8301FECFC8F00F5E021 /* MeVC[我的] */ = {
			isa = PBXGroup;
			children = (
				00FB5516201B358800646485 /* Model */,
				00FB5515201B358200646485 /* View */,
				00FB5514201B357500646485 /* ViewController */,
			);
			path = "MeVC[我的]";
			sourceTree = "<group>";
		};
		044BE5912005E8F500427691 /* NoticeBar[在顶部提示] */ = {
			isa = PBXGroup;
			children = (
				044BE5922005E8F500427691 /* UNoticeBar.swift */,
			);
			path = "NoticeBar[在顶部提示]";
			sourceTree = "<group>";
		};
		0452EA8F1FF49BB3008230EB /* Network[网络请求] */ = {
			isa = PBXGroup;
			children = (
				0452EA901FF49BE6008230EB /* NetworkTool.swift */,
			);
			path = "Network[网络请求]";
			sourceTree = "<group>";
		};
		048F24EA2003734A00097209 /* SQAutoScrollView[轮播图] */ = {
			isa = PBXGroup;
			children = (
				048F24ED2003738600097209 /* SQAutoScrollView.swift */,
				048F24EC2003738600097209 /* SQDotView.swift */,
				048F24EB2003738500097209 /* SQPageControl.swift */,
			);
			path = "SQAutoScrollView[轮播图]";
			sourceTree = "<group>";
		};
		3BF8D250AE6B0F50858E0299 /* Frameworks */ = {
			isa = PBXGroup;
			children = (
				040AF5661FF5F58B0038C0B8 /* Alamofire.framework */,
				040AF5601FF5F54C0038C0B8 /* Alamofire.framework */,
				DB89F1AFEED9F1E2A4CEAF28 /* Pods_LDX_SwiftBase.framework */,
			);
			name = Frameworks;
			sourceTree = "<group>";
		};
		435E4082200DAA36003B1044 /* 商品详情 */ = {
			isa = PBXGroup;
			children = (
				99746C0C2016D5A000B02DBB /* 详情[详情] */,
				99746C0B2016D58800B02DBB /* 详情[评价] */,
				99746C0A2016D51B00B02DBB /* 详情[商品] */,
				435E4085200DAA58003B1044 /* Model */,
				435E4084200DAA50003B1044 /* View */,
				435E4083200DAA46003B1044 /* ViewController */,
			);
			path = "商品详情";
			sourceTree = "<group>";
		};
		435E4083200DAA46003B1044 /* ViewController */ = {
			isa = PBXGroup;
			children = (
				435E408B200DAB36003B1044 /* MerDetailViewController.swift */,
			);
			path = ViewController;
			sourceTree = "<group>";
		};
		435E4084200DAA50003B1044 /* View */ = {
			isa = PBXGroup;
			children = (
				435E4090200DF1AC003B1044 /* DetailSegmentView.swift */,
				435E4092200DF1B5003B1044 /* DetailSegmentView.xib */,
				99746C1D201725A900B02DBB /* TabDetailView.swift */,
				99746C21201725C000B02DBB /* TabDetailView.xib */,
			);
			path = View;
			sourceTree = "<group>";
		};
		435E4085200DAA58003B1044 /* Model */ = {
			isa = PBXGroup;
			children = (
			);
			path = Model;
			sourceTree = "<group>";
		};
		43C0DF9F200C9DD300A8C3C0 /* BaseView */ = {
			isa = PBXGroup;
			children = (
				43C0DFA0200C9DE600A8C3C0 /* UBaseCollectionViewCell.swift */,
				43C0DFA3200C9DE800A8C3C0 /* UBaseTableViewCell.swift */,
				43C0DFA2200C9DE700A8C3C0 /* UBaseCollectionReusableView.swift */,
				43C0DFA1200C9DE700A8C3C0 /* UBaseTableViewHeaderFooterView.swift */,
			);
			path = BaseView;
			sourceTree = "<group>";
		};
		88EBDBC23BBC8B5252C0FC69 /* Pods */ = {
			isa = PBXGroup;
			children = (
				7B873151EEE83A9F0303CDA1 /* Pods-LDX_SwiftBase.debug.xcconfig */,
				3BEBD4F83217B5D5652AC255 /* Pods-LDX_SwiftBase.release.xcconfig */,
			);
			name = Pods;
			sourceTree = "<group>";
		};
		99746C052016D28000B02DBB /* LPBannerView[走马灯] */ = {
			isa = PBXGroup;
			children = (
				99746C062016D2D800B02DBB /* LPBannerView.swift */,
				99746C072016D2D800B02DBB /* LPBannerCell.swift */,
			);
			path = "LPBannerView[走马灯]";
			sourceTree = "<group>";
		};
		99746C0A2016D51B00B02DBB /* 详情[商品] */ = {
			isa = PBXGroup;
			children = (
				99746C122016DE8000B02DBB /* View */,
			);
			path = "详情[商品]";
			sourceTree = "<group>";
		};
		99746C0B2016D58800B02DBB /* 详情[评价] */ = {
			isa = PBXGroup;
			children = (
				99746C1820171CAE00B02DBB /* ViewController */,
			);
			path = "详情[评价]";
			sourceTree = "<group>";
		};
		99746C0C2016D5A000B02DBB /* 详情[详情] */ = {
			isa = PBXGroup;
			children = (
				99746C2320172D9F00B02DBB /* DetDownViewController.swift */,
			);
			path = "详情[详情]";
			sourceTree = "<group>";
		};
		99746C122016DE8000B02DBB /* View */ = {
			isa = PBXGroup;
			children = (
				99746C102016DE6F00B02DBB /* MerUPView.swift */,
				99746C132016DEA900B02DBB /* MerUPView.xib */,
			);
			path = View;
			sourceTree = "<group>";
		};
		99746C1820171CAE00B02DBB /* ViewController */ = {
			isa = PBXGroup;
			children = (
				99746C1920171D2100B02DBB /* EvaCenViewController.swift */,
				99746C1A20171D2100B02DBB /* EvaCenViewController.xib */,
			);
			path = ViewController;
			sourceTree = "<group>";
		};
/* End PBXGroup section */

/* Begin PBXNativeTarget section */
		042DF7F31FECF7BE00F5E021 /* LDX_SwiftBase */ = {
			isa = PBXNativeTarget;
			buildConfigurationList = 042DF81C1FECF7BE00F5E021 /* Build configuration list for PBXNativeTarget "LDX_SwiftBase" */;
			buildPhases = (
				A8EC62AC8BB74C9362DC658B /* [CP] Check Pods Manifest.lock */,
				042DF7F01FECF7BE00F5E021 /* Sources */,
				042DF7F11FECF7BE00F5E021 /* Frameworks */,
				042DF7F21FECF7BE00F5E021 /* Resources */,
				F874290345F1A4A1874BA9D5 /* [CP] Embed Pods Frameworks */,
				E859960A832973AAF909917C /* [CP] Copy Pods Resources */,
				040AF5641FF5F55A0038C0B8 /* Embed Frameworks */,
			);
			buildRules = (
			);
			dependencies = (
			);
			name = LDX_SwiftBase;
			productName = LDX_SwiftBase;
			productReference = 042DF7F41FECF7BE00F5E021 /* LDX_SwiftBase.app */;
			productType = "com.apple.product-type.application";
		};
		042DF8071FECF7BE00F5E021 /* LDX_SwiftBaseTests */ = {
			isa = PBXNativeTarget;
			buildConfigurationList = 042DF81F1FECF7BE00F5E021 /* Build configuration list for PBXNativeTarget "LDX_SwiftBaseTests" */;
			buildPhases = (
				042DF8041FECF7BE00F5E021 /* Sources */,
				042DF8051FECF7BE00F5E021 /* Frameworks */,
				042DF8061FECF7BE00F5E021 /* Resources */,
			);
			buildRules = (
			);
			dependencies = (
				042DF80A1FECF7BE00F5E021 /* PBXTargetDependency */,
			);
			name = LDX_SwiftBaseTests;
			productName = LDX_SwiftBaseTests;
			productReference = 042DF8081FECF7BE00F5E021 /* LDX_SwiftBaseTests.xctest */;
			productType = "com.apple.product-type.bundle.unit-test";
		};
		042DF8121FECF7BE00F5E021 /* LDX_SwiftBaseUITests */ = {
			isa = PBXNativeTarget;
			buildConfigurationList = 042DF8221FECF7BE00F5E021 /* Build configuration list for PBXNativeTarget "LDX_SwiftBaseUITests" */;
			buildPhases = (
				042DF80F1FECF7BE00F5E021 /* Sources */,
				042DF8101FECF7BE00F5E021 /* Frameworks */,
				042DF8111FECF7BE00F5E021 /* Resources */,
			);
			buildRules = (
			);
			dependencies = (
				042DF8151FECF7BE00F5E021 /* PBXTargetDependency */,
			);
			name = LDX_SwiftBaseUITests;
			productName = LDX_SwiftBaseUITests;
			productReference = 042DF8131FECF7BE00F5E021 /* LDX_SwiftBaseUITests.xctest */;
			productType = "com.apple.product-type.bundle.ui-testing";
		};
/* End PBXNativeTarget section */

/* Begin PBXProject section */
		042DF7EC1FECF7BD00F5E021 /* Project object */ = {
			isa = PBXProject;
			attributes = {
				LastSwiftUpdateCheck = 0910;
				LastUpgradeCheck = 0910;
				ORGANIZATIONNAME = LDX;
				TargetAttributes = {
					042DF7F31FECF7BE00F5E021 = {
						CreatedOnToolsVersion = 9.1;
						ProvisioningStyle = Automatic;
					};
					042DF8071FECF7BE00F5E021 = {
						CreatedOnToolsVersion = 9.1;
						ProvisioningStyle = Automatic;
						TestTargetID = 042DF7F31FECF7BE00F5E021;
					};
					042DF8121FECF7BE00F5E021 = {
						CreatedOnToolsVersion = 9.1;
						ProvisioningStyle = Automatic;
						TestTargetID = 042DF7F31FECF7BE00F5E021;
					};
				};
			};
			buildConfigurationList = 042DF7EF1FECF7BD00F5E021 /* Build configuration list for PBXProject "LDX_SwiftBase" */;
			compatibilityVersion = "Xcode 8.0";
			developmentRegion = en;
			hasScannedForEncodings = 0;
			knownRegions = (
				en,
				Base,
			);
			mainGroup = 042DF7EB1FECF7BD00F5E021;
			productRefGroup = 042DF7F51FECF7BE00F5E021 /* Products */;
			projectDirPath = "";
			projectRoot = "";
			targets = (
				042DF7F31FECF7BE00F5E021 /* LDX_SwiftBase */,
				042DF8071FECF7BE00F5E021 /* LDX_SwiftBaseTests */,
				042DF8121FECF7BE00F5E021 /* LDX_SwiftBaseUITests */,
			);
		};
/* End PBXProject section */

/* Begin PBXResourcesBuildPhase section */
		042DF7F21FECF7BE00F5E021 /* Resources */ = {
			isa = PBXResourcesBuildPhase;
			buildActionMask = 2147483647;
			files = (
				042DF8021FECF7BE00F5E021 /* LaunchScreen.storyboard in Resources */,
				435E4093200DF1B5003B1044 /* DetailSegmentView.xib in Resources */,
				00F5500320198EB000CD1FDF /* LoginViewController.xib in Resources */,
				99746C1C20171D2100B02DBB /* EvaCenViewController.xib in Resources */,
				99746C142016DEA900B02DBB /* MerUPView.xib in Resources */,
				044BE59C2005F8E300427691 /* HomeCollectionViewCell.xib in Resources */,
				042DF7FF1FECF7BE00F5E021 /* Assets.xcassets in Resources */,
				00FB5513201B2A5400646485 /* ForgetPasswordViewController.xib in Resources */,
				04142FFF1FF0E37900E72DDD /* HomeTableViewCell.xib in Resources */,
				00D91B64201C482B004B93D0 /* MeCollectionViewCell.xib in Resources */,
				99746C22201725C000B02DBB /* TabDetailView.xib in Resources */,
				00D91B6C201C68F1004B93D0 /* BroDisViewController.xib in Resources */,
				00D91B70201C697F004B93D0 /* HeadTextView.xib in Resources */,
				04FE56691FFCC34400A59434 /* HomeHeadView.xib in Resources */,
				00FB550B201AD1D900646485 /* RegistViewController.xib in Resources */,
				00FB551E201B472000646485 /* MeHeadView.xib in Resources */,
				042DF7FD1FECF7BE00F5E021 /* Main.storyboard in Resources */,
			);
			runOnlyForDeploymentPostprocessing = 0;
		};
		042DF8061FECF7BE00F5E021 /* Resources */ = {
			isa = PBXResourcesBuildPhase;
			buildActionMask = 2147483647;
			files = (
			);
			runOnlyForDeploymentPostprocessing = 0;
		};
		042DF8111FECF7BE00F5E021 /* Resources */ = {
			isa = PBXResourcesBuildPhase;
			buildActionMask = 2147483647;
			files = (
			);
			runOnlyForDeploymentPostprocessing = 0;
		};
/* End PBXResourcesBuildPhase section */

/* Begin PBXShellScriptBuildPhase section */
		A8EC62AC8BB74C9362DC658B /* [CP] Check Pods Manifest.lock */ = {
			isa = PBXShellScriptBuildPhase;
			buildActionMask = 2147483647;
			files = (
			);
			inputPaths = (
				"${PODS_PODFILE_DIR_PATH}/Podfile.lock",
				"${PODS_ROOT}/Manifest.lock",
			);
			name = "[CP] Check Pods Manifest.lock";
			outputPaths = (
				"$(DERIVED_FILE_DIR)/Pods-LDX_SwiftBase-checkManifestLockResult.txt",
			);
			runOnlyForDeploymentPostprocessing = 0;
			shellPath = /bin/sh;
			shellScript = "diff \"${PODS_PODFILE_DIR_PATH}/Podfile.lock\" \"${PODS_ROOT}/Manifest.lock\" > /dev/null\nif [ $? != 0 ] ; then\n    # print error to STDERR\n    echo \"error: The sandbox is not in sync with the Podfile.lock. Run 'pod install' or update your CocoaPods installation.\" >&2\n    exit 1\nfi\n# This output is used by Xcode 'outputs' to avoid re-running this script phase.\necho \"SUCCESS\" > \"${SCRIPT_OUTPUT_FILE_0}\"\n";
			showEnvVarsInLog = 0;
		};
		E859960A832973AAF909917C /* [CP] Copy Pods Resources */ = {
			isa = PBXShellScriptBuildPhase;
			buildActionMask = 2147483647;
			files = (
			);
			inputPaths = (
			);
			name = "[CP] Copy Pods Resources";
			outputPaths = (
			);
			runOnlyForDeploymentPostprocessing = 0;
			shellPath = /bin/sh;
			shellScript = "\"${SRCROOT}/Pods/Target Support Files/Pods-LDX_SwiftBase/Pods-LDX_SwiftBase-resources.sh\"\n";
			showEnvVarsInLog = 0;
		};
		F874290345F1A4A1874BA9D5 /* [CP] Embed Pods Frameworks */ = {
			isa = PBXShellScriptBuildPhase;
			buildActionMask = 2147483647;
			files = (
			);
			inputPaths = (
				"${SRCROOT}/Pods/Target Support Files/Pods-LDX_SwiftBase/Pods-LDX_SwiftBase-frameworks.sh",
				"${BUILT_PRODUCTS_DIR}/Alamofire/Alamofire.framework",
				"${BUILT_PRODUCTS_DIR}/GrowingTextView/GrowingTextView.framework",
				"${BUILT_PRODUCTS_DIR}/HMSegmentedControl/HMSegmentedControl.framework",
				"${BUILT_PRODUCTS_DIR}/IQKeyboardManagerSwift/IQKeyboardManagerSwift.framework",
				"${BUILT_PRODUCTS_DIR}/JQProgressHUD/JQProgressHUD.framework",
				"${BUILT_PRODUCTS_DIR}/KYCircularProgress/KYCircularProgress.framework",
				"${BUILT_PRODUCTS_DIR}/Kingfisher/Kingfisher.framework",
				"${BUILT_PRODUCTS_DIR}/MJRefresh/MJRefresh.framework",
				"${BUILT_PRODUCTS_DIR}/Moya/Moya.framework",
				"${BUILT_PRODUCTS_DIR}/Result/Result.framework",
				"${BUILT_PRODUCTS_DIR}/Reusable/Reusable.framework",
				"${BUILT_PRODUCTS_DIR}/RxCocoa/RxCocoa.framework",
				"${BUILT_PRODUCTS_DIR}/RxSwift/RxSwift.framework",
				"${BUILT_PRODUCTS_DIR}/SDWebImage/SDWebImage.framework",
				"${BUILT_PRODUCTS_DIR}/SVProgressHUD/SVProgressHUD.framework",
				"${BUILT_PRODUCTS_DIR}/SnapKit/SnapKit.framework",
				"${BUILT_PRODUCTS_DIR}/SwiftyJSON/SwiftyJSON.framework",
				"${BUILT_PRODUCTS_DIR}/Then/Then.framework",
			);
			name = "[CP] Embed Pods Frameworks";
			outputPaths = (
				"${TARGET_BUILD_DIR}/${FRAMEWORKS_FOLDER_PATH}/Alamofire.framework",
				"${TARGET_BUILD_DIR}/${FRAMEWORKS_FOLDER_PATH}/GrowingTextView.framework",
				"${TARGET_BUILD_DIR}/${FRAMEWORKS_FOLDER_PATH}/HMSegmentedControl.framework",
				"${TARGET_BUILD_DIR}/${FRAMEWORKS_FOLDER_PATH}/IQKeyboardManagerSwift.framework",
				"${TARGET_BUILD_DIR}/${FRAMEWORKS_FOLDER_PATH}/JQProgressHUD.framework",
				"${TARGET_BUILD_DIR}/${FRAMEWORKS_FOLDER_PATH}/KYCircularProgress.framework",
				"${TARGET_BUILD_DIR}/${FRAMEWORKS_FOLDER_PATH}/Kingfisher.framework",
				"${TARGET_BUILD_DIR}/${FRAMEWORKS_FOLDER_PATH}/MJRefresh.framework",
				"${TARGET_BUILD_DIR}/${FRAMEWORKS_FOLDER_PATH}/Moya.framework",
				"${TARGET_BUILD_DIR}/${FRAMEWORKS_FOLDER_PATH}/Result.framework",
				"${TARGET_BUILD_DIR}/${FRAMEWORKS_FOLDER_PATH}/Reusable.framework",
				"${TARGET_BUILD_DIR}/${FRAMEWORKS_FOLDER_PATH}/RxCocoa.framework",
				"${TARGET_BUILD_DIR}/${FRAMEWORKS_FOLDER_PATH}/RxSwift.framework",
				"${TARGET_BUILD_DIR}/${FRAMEWORKS_FOLDER_PATH}/SDWebImage.framework",
				"${TARGET_BUILD_DIR}/${FRAMEWORKS_FOLDER_PATH}/SVProgressHUD.framework",
				"${TARGET_BUILD_DIR}/${FRAMEWORKS_FOLDER_PATH}/SnapKit.framework",
				"${TARGET_BUILD_DIR}/${FRAMEWORKS_FOLDER_PATH}/SwiftyJSON.framework",
				"${TARGET_BUILD_DIR}/${FRAMEWORKS_FOLDER_PATH}/Then.framework",
			);
			runOnlyForDeploymentPostprocessing = 0;
			shellPath = /bin/sh;
			shellScript = "\"${SRCROOT}/Pods/Target Support Files/Pods-LDX_SwiftBase/Pods-LDX_SwiftBase-frameworks.sh\"\n";
			showEnvVarsInLog = 0;
		};
/* End PBXShellScriptBuildPhase section */

/* Begin PBXSourcesBuildPhase section */
		042DF7F01FECF7BE00F5E021 /* Sources */ = {
			isa = PBXSourcesBuildPhase;
			buildActionMask = 2147483647;
			files = (
				04FE56671FFCC33600A59434 /* HomeHeadView.swift in Sources */,
				0413C57A1FFE22C5007E19BD /* TYCyclePagerViewCell.swift in Sources */,
				00FB550D201B152100646485 /* Regular.swift in Sources */,
				042DF8381FECFD0500F5E021 /* MeViewController.swift in Sources */,
				00FB5512201B2A5400646485 /* ForgetPasswordViewController.swift in Sources */,
				042DF8281FECF88500F5E021 /* MainTabBarViewController.swift in Sources */,
				048F24F62003745900097209 /* Extension+String.swift in Sources */,
				042DF7FA1FECF7BE00F5E021 /* ViewController.swift in Sources */,
				00D91B6B201C68F1004B93D0 /* BroDisViewController.swift in Sources */,
				99746C2420172D9F00B02DBB /* DetDownViewController.swift in Sources */,
				43C0DFA7200C9DE800A8C3C0 /* UBaseTableViewCell.swift in Sources */,
				042DF82A1FECF8BA00F5E021 /* MainNavigationController.swift in Sources */,
				048F24F42003745900097209 /* Extension+UIBarButtonItem.swift in Sources */,
				00FB550A201AD1D900646485 /* RegistViewController.swift in Sources */,
				0452EA911FF49BE6008230EB /* NetworkTool.swift in Sources */,
				040AF56E1FF631D30038C0B8 /* HomeViewController.swift in Sources */,
				04142FF81FF0D2ED00E72DDD /* LDXFile.swift in Sources */,
				042DF8361FECFCFB00F5E021 /* TabBarThirViewController.swift in Sources */,
				048F24F52003745900097209 /* Extension+UIView.swift in Sources */,
				041E48BE1FF37A87008248D5 /* SwiftNotice.swift in Sources */,
				048F24F92003747100097209 /* WebViewController.m in Sources */,
				04142FFE1FF0E37900E72DDD /* HomeTableViewCell.swift in Sources */,
				048F24F02003738600097209 /* SQAutoScrollView.swift in Sources */,
				048F24EE2003738600097209 /* SQPageControl.swift in Sources */,
				43C0DFA5200C9DE800A8C3C0 /* UBaseTableViewHeaderFooterView.swift in Sources */,
				04EC91D71FF4EF5D00902F0F /* HomeModel.swift in Sources */,
				435E408C200DAB36003B1044 /* MerDetailViewController.swift in Sources */,
				00F550052019BC0B00CD1FDF /* BaseViewController.swift in Sources */,
				99746C082016D2D800B02DBB /* LPBannerView.swift in Sources */,
				00F5500220198EB000CD1FDF /* LoginViewController.swift in Sources */,
				044BE59B2005F8E300427691 /* HomeCollectionViewCell.swift in Sources */,
				00FB551C201B471500646485 /* MeHeadView.swift in Sources */,
				43C0DFA6200C9DE800A8C3C0 /* UBaseCollectionReusableView.swift in Sources */,
				042DF7F81FECF7BE00F5E021 /* AppDelegate.swift in Sources */,
				048F24EF2003738600097209 /* SQDotView.swift in Sources */,
				042DF8341FECFCE800F5E021 /* TabBarSecViewController.swift in Sources */,
				99746C112016DE6F00B02DBB /* MerUPView.swift in Sources */,
				00D91B6E201C696E004B93D0 /* HeadTextView.swift in Sources */,
				044BE5932005E8F600427691 /* UNoticeBar.swift in Sources */,
				99746C1B20171D2100B02DBB /* EvaCenViewController.swift in Sources */,
				00D91B63201C482B004B93D0 /* MeCollectionViewCell.swift in Sources */,
				435E4091200DF1AC003B1044 /* DetailSegmentView.swift in Sources */,
				99746C1E201725A900B02DBB /* TabDetailView.swift in Sources */,
				43C0DFA4200C9DE800A8C3C0 /* UBaseCollectionViewCell.swift in Sources */,
				99746C092016D2D800B02DBB /* LPBannerCell.swift in Sources */,
				00FB5505201ACB6B00646485 /* LaunchIntroductionView.m in Sources */,
			);
			runOnlyForDeploymentPostprocessing = 0;
		};
		042DF8041FECF7BE00F5E021 /* Sources */ = {
			isa = PBXSourcesBuildPhase;
			buildActionMask = 2147483647;
			files = (
				042DF80D1FECF7BE00F5E021 /* LDX_SwiftBaseTests.swift in Sources */,
			);
			runOnlyForDeploymentPostprocessing = 0;
		};
		042DF80F1FECF7BE00F5E021 /* Sources */ = {
			isa = PBXSourcesBuildPhase;
			buildActionMask = 2147483647;
			files = (
				042DF8181FECF7BE00F5E021 /* LDX_SwiftBaseUITests.swift in Sources */,
				438E29B6200C5A3D001506D3 /* HomeViewController.swift in Sources */,
			);
			runOnlyForDeploymentPostprocessing = 0;
		};
/* End PBXSourcesBuildPhase section */

/* Begin PBXTargetDependency section */
		042DF80A1FECF7BE00F5E021 /* PBXTargetDependency */ = {
			isa = PBXTargetDependency;
			target = 042DF7F31FECF7BE00F5E021 /* LDX_SwiftBase */;
			targetProxy = 042DF8091FECF7BE00F5E021 /* PBXContainerItemProxy */;
		};
		042DF8151FECF7BE00F5E021 /* PBXTargetDependency */ = {
			isa = PBXTargetDependency;
			target = 042DF7F31FECF7BE00F5E021 /* LDX_SwiftBase */;
			targetProxy = 042DF8141FECF7BE00F5E021 /* PBXContainerItemProxy */;
		};
/* End PBXTargetDependency section */

/* Begin PBXVariantGroup section */
		042DF7FB1FECF7BE00F5E021 /* Main.storyboard */ = {
			isa = PBXVariantGroup;
			children = (
				042DF7FC1FECF7BE00F5E021 /* Base */,
			);
			name = Main.storyboard;
			sourceTree = "<group>";
		};
		042DF8001FECF7BE00F5E021 /* LaunchScreen.storyboard */ = {
			isa = PBXVariantGroup;
			children = (
				042DF8011FECF7BE00F5E021 /* Base */,
			);
			name = LaunchScreen.storyboard;
			sourceTree = "<group>";
		};
/* End PBXVariantGroup section */

/* Begin XCBuildConfiguration section */
		042DF81A1FECF7BE00F5E021 /* Debug */ = {
			isa = XCBuildConfiguration;
			buildSettings = {
				ALWAYS_SEARCH_USER_PATHS = NO;
				CLANG_ANALYZER_NONNULL = YES;
				CLANG_ANALYZER_NUMBER_OBJECT_CONVERSION = YES_AGGRESSIVE;
				CLANG_CXX_LANGUAGE_STANDARD = "gnu++14";
				CLANG_CXX_LIBRARY = "libc++";
				CLANG_ENABLE_MODULES = YES;
				CLANG_ENABLE_OBJC_ARC = YES;
				CLANG_WARN_BLOCK_CAPTURE_AUTORELEASING = YES;
				CLANG_WARN_BOOL_CONVERSION = YES;
				CLANG_WARN_COMMA = YES;
				CLANG_WARN_CONSTANT_CONVERSION = YES;
				CLANG_WARN_DIRECT_OBJC_ISA_USAGE = YES_ERROR;
				CLANG_WARN_DOCUMENTATION_COMMENTS = YES;
				CLANG_WARN_EMPTY_BODY = YES;
				CLANG_WARN_ENUM_CONVERSION = YES;
				CLANG_WARN_INFINITE_RECURSION = YES;
				CLANG_WARN_INT_CONVERSION = YES;
				CLANG_WARN_NON_LITERAL_NULL_CONVERSION = YES;
				CLANG_WARN_OBJC_LITERAL_CONVERSION = YES;
				CLANG_WARN_OBJC_ROOT_CLASS = YES_ERROR;
				CLANG_WARN_RANGE_LOOP_ANALYSIS = YES;
				CLANG_WARN_STRICT_PROTOTYPES = YES;
				CLANG_WARN_SUSPICIOUS_MOVE = YES;
				CLANG_WARN_UNGUARDED_AVAILABILITY = YES_AGGRESSIVE;
				CLANG_WARN_UNREACHABLE_CODE = YES;
				CLANG_WARN__DUPLICATE_METHOD_MATCH = YES;
				CODE_SIGN_IDENTITY = "iPhone Developer";
				COPY_PHASE_STRIP = NO;
				DEBUG_INFORMATION_FORMAT = dwarf;
				ENABLE_STRICT_OBJC_MSGSEND = YES;
				ENABLE_TESTABILITY = YES;
				GCC_C_LANGUAGE_STANDARD = gnu11;
				GCC_DYNAMIC_NO_PIC = NO;
				GCC_NO_COMMON_BLOCKS = YES;
				GCC_OPTIMIZATION_LEVEL = 0;
				GCC_PREPROCESSOR_DEFINITIONS = (
					"DEBUG=1",
					"$(inherited)",
				);
				GCC_WARN_64_TO_32_BIT_CONVERSION = YES;
				GCC_WARN_ABOUT_RETURN_TYPE = YES_ERROR;
				GCC_WARN_UNDECLARED_SELECTOR = YES;
				GCC_WARN_UNINITIALIZED_AUTOS = YES_AGGRESSIVE;
				GCC_WARN_UNUSED_FUNCTION = YES;
				GCC_WARN_UNUSED_VARIABLE = YES;
				IPHONEOS_DEPLOYMENT_TARGET = 11.1;
				MTL_ENABLE_DEBUG_INFO = YES;
				ONLY_ACTIVE_ARCH = YES;
				SDKROOT = iphoneos;
				SWIFT_ACTIVE_COMPILATION_CONDITIONS = DEBUG;
				SWIFT_OPTIMIZATION_LEVEL = "-Onone";
			};
			name = Debug;
		};
		042DF81B1FECF7BE00F5E021 /* Release */ = {
			isa = XCBuildConfiguration;
			buildSettings = {
				ALWAYS_SEARCH_USER_PATHS = NO;
				CLANG_ANALYZER_NONNULL = YES;
				CLANG_ANALYZER_NUMBER_OBJECT_CONVERSION = YES_AGGRESSIVE;
				CLANG_CXX_LANGUAGE_STANDARD = "gnu++14";
				CLANG_CXX_LIBRARY = "libc++";
				CLANG_ENABLE_MODULES = YES;
				CLANG_ENABLE_OBJC_ARC = YES;
				CLANG_WARN_BLOCK_CAPTURE_AUTORELEASING = YES;
				CLANG_WARN_BOOL_CONVERSION = YES;
				CLANG_WARN_COMMA = YES;
				CLANG_WARN_CONSTANT_CONVERSION = YES;
				CLANG_WARN_DIRECT_OBJC_ISA_USAGE = YES_ERROR;
				CLANG_WARN_DOCUMENTATION_COMMENTS = YES;
				CLANG_WARN_EMPTY_BODY = YES;
				CLANG_WARN_ENUM_CONVERSION = YES;
				CLANG_WARN_INFINITE_RECURSION = YES;
				CLANG_WARN_INT_CONVERSION = YES;
				CLANG_WARN_NON_LITERAL_NULL_CONVERSION = YES;
				CLANG_WARN_OBJC_LITERAL_CONVERSION = YES;
				CLANG_WARN_OBJC_ROOT_CLASS = YES_ERROR;
				CLANG_WARN_RANGE_LOOP_ANALYSIS = YES;
				CLANG_WARN_STRICT_PROTOTYPES = YES;
				CLANG_WARN_SUSPICIOUS_MOVE = YES;
				CLANG_WARN_UNGUARDED_AVAILABILITY = YES_AGGRESSIVE;
				CLANG_WARN_UNREACHABLE_CODE = YES;
				CLANG_WARN__DUPLICATE_METHOD_MATCH = YES;
				CODE_SIGN_IDENTITY = "iPhone Developer";
				COPY_PHASE_STRIP = NO;
				DEBUG_INFORMATION_FORMAT = dwarf;
				ENABLE_NS_ASSERTIONS = NO;
				ENABLE_STRICT_OBJC_MSGSEND = YES;
				GCC_C_LANGUAGE_STANDARD = gnu11;
				GCC_NO_COMMON_BLOCKS = YES;
				GCC_WARN_64_TO_32_BIT_CONVERSION = YES;
				GCC_WARN_ABOUT_RETURN_TYPE = YES_ERROR;
				GCC_WARN_UNDECLARED_SELECTOR = YES;
				GCC_WARN_UNINITIALIZED_AUTOS = YES_AGGRESSIVE;
				GCC_WARN_UNUSED_FUNCTION = YES;
				GCC_WARN_UNUSED_VARIABLE = YES;
				IPHONEOS_DEPLOYMENT_TARGET = 11.1;
				MTL_ENABLE_DEBUG_INFO = NO;
				SDKROOT = iphoneos;
				SWIFT_OPTIMIZATION_LEVEL = "-Owholemodule";
				VALIDATE_PRODUCT = YES;
			};
			name = Release;
		};
		042DF81D1FECF7BE00F5E021 /* Debug */ = {
			isa = XCBuildConfiguration;
			baseConfigurationReference = 7B873151EEE83A9F0303CDA1 /* Pods-LDX_SwiftBase.debug.xcconfig */;
			buildSettings = {
				ASSETCATALOG_COMPILER_APPICON_NAME = AppIcon;
				"CODE_SIGN_IDENTITY[sdk=iphoneos*]" = "iPhone Developer";
				CODE_SIGN_STYLE = Automatic;
				DEVELOPMENT_TEAM = 6DYUEXYS7C;
				GCC_PRECOMPILE_PREFIX_HEADER = YES;
				GCC_PREFIX_HEADER = /Users/edz/Downloads/SwiftBase/LDX_SwiftBase/LDX_SwiftBase/LDXFile.h;
				INFOPLIST_FILE = LDX_SwiftBase/Info.plist;
				IPHONEOS_DEPLOYMENT_TARGET = 8.0;
				LD_RUNPATH_SEARCH_PATHS = "$(inherited) @executable_path/Frameworks";
				PRODUCT_BUNDLE_IDENTIFIER = "com.company.LDX-SwiftBase";
				PRODUCT_NAME = "$(TARGET_NAME)";
				PROVISIONING_PROFILE = "";
				PROVISIONING_PROFILE_SPECIFIER = "";
				SWIFT_OBJC_BRIDGING_HEADER = /Users/edz/Downloads/SwiftBase/LDX_SwiftBase/LDX_SwiftBase/LDXFile.h;
				SWIFT_VERSION = 4.0;
				TARGETED_DEVICE_FAMILY = 1;
			};
			name = Debug;
		};
		042DF81E1FECF7BE00F5E021 /* Release */ = {
			isa = XCBuildConfiguration;
			baseConfigurationReference = 3BEBD4F83217B5D5652AC255 /* Pods-LDX_SwiftBase.release.xcconfig */;
			buildSettings = {
				ASSETCATALOG_COMPILER_APPICON_NAME = AppIcon;
				"CODE_SIGN_IDENTITY[sdk=iphoneos*]" = "iPhone Developer";
				CODE_SIGN_STYLE = Automatic;
				DEVELOPMENT_TEAM = 6DYUEXYS7C;
				GCC_PRECOMPILE_PREFIX_HEADER = YES;
				GCC_PREFIX_HEADER = /Users/edz/Downloads/SwiftBase/LDX_SwiftBase/LDX_SwiftBase/LDXFile.h;
				INFOPLIST_FILE = LDX_SwiftBase/Info.plist;
				IPHONEOS_DEPLOYMENT_TARGET = 8.0;
				LD_RUNPATH_SEARCH_PATHS = "$(inherited) @executable_path/Frameworks";
				PRODUCT_BUNDLE_IDENTIFIER = "com.company.LDX-SwiftBase";
				PRODUCT_NAME = "$(TARGET_NAME)";
				PROVISIONING_PROFILE = "";
				PROVISIONING_PROFILE_SPECIFIER = "";
				SWIFT_OBJC_BRIDGING_HEADER = /Users/edz/Downloads/SwiftBase/LDX_SwiftBase/LDX_SwiftBase/LDXFile.h;
				SWIFT_VERSION = 4.0;
				TARGETED_DEVICE_FAMILY = 1;
			};
			name = Release;
		};
		042DF8201FECF7BE00F5E021 /* Debug */ = {
			isa = XCBuildConfiguration;
			buildSettings = {
				ALWAYS_EMBED_SWIFT_STANDARD_LIBRARIES = YES;
				BUNDLE_LOADER = "$(TEST_HOST)";
				CODE_SIGN_STYLE = Automatic;
				DEVELOPMENT_TEAM = 6DYUEXYS7C;
				INFOPLIST_FILE = LDX_SwiftBaseTests/Info.plist;
				LD_RUNPATH_SEARCH_PATHS = "$(inherited) @executable_path/Frameworks @loader_path/Frameworks";
				PRODUCT_BUNDLE_IDENTIFIER = "com.company.LDX-SwiftBaseTests";
				PRODUCT_NAME = "$(TARGET_NAME)";
				SWIFT_VERSION = 4.0;
				TARGETED_DEVICE_FAMILY = "1,2";
				TEST_HOST = "$(BUILT_PRODUCTS_DIR)/LDX_SwiftBase.app/LDX_SwiftBase";
			};
			name = Debug;
		};
		042DF8211FECF7BE00F5E021 /* Release */ = {
			isa = XCBuildConfiguration;
			buildSettings = {
				ALWAYS_EMBED_SWIFT_STANDARD_LIBRARIES = YES;
				BUNDLE_LOADER = "$(TEST_HOST)";
				CODE_SIGN_STYLE = Automatic;
				DEVELOPMENT_TEAM = 6DYUEXYS7C;
				INFOPLIST_FILE = LDX_SwiftBaseTests/Info.plist;
				LD_RUNPATH_SEARCH_PATHS = "$(inherited) @executable_path/Frameworks @loader_path/Frameworks";
				PRODUCT_BUNDLE_IDENTIFIER = "com.company.LDX-SwiftBaseTests";
				PRODUCT_NAME = "$(TARGET_NAME)";
				SWIFT_VERSION = 4.0;
				TARGETED_DEVICE_FAMILY = "1,2";
				TEST_HOST = "$(BUILT_PRODUCTS_DIR)/LDX_SwiftBase.app/LDX_SwiftBase";
			};
			name = Release;
		};
		042DF8231FECF7BE00F5E021 /* Debug */ = {
			isa = XCBuildConfiguration;
			buildSettings = {
				ALWAYS_EMBED_SWIFT_STANDARD_LIBRARIES = YES;
				CODE_SIGN_STYLE = Automatic;
				DEVELOPMENT_TEAM = 6DYUEXYS7C;
				INFOPLIST_FILE = LDX_SwiftBaseUITests/Info.plist;
				LD_RUNPATH_SEARCH_PATHS = "$(inherited) @executable_path/Frameworks @loader_path/Frameworks";
				PRODUCT_BUNDLE_IDENTIFIER = "com.company.LDX-SwiftBaseUITests";
				PRODUCT_NAME = "$(TARGET_NAME)";
				SWIFT_VERSION = 4.0;
				TARGETED_DEVICE_FAMILY = "1,2";
				TEST_TARGET_NAME = LDX_SwiftBase;
			};
			name = Debug;
		};
		042DF8241FECF7BE00F5E021 /* Release */ = {
			isa = XCBuildConfiguration;
			buildSettings = {
				ALWAYS_EMBED_SWIFT_STANDARD_LIBRARIES = YES;
				CODE_SIGN_STYLE = Automatic;
				DEVELOPMENT_TEAM = 6DYUEXYS7C;
				INFOPLIST_FILE = LDX_SwiftBaseUITests/Info.plist;
				LD_RUNPATH_SEARCH_PATHS = "$(inherited) @executable_path/Frameworks @loader_path/Frameworks";
				PRODUCT_BUNDLE_IDENTIFIER = "com.company.LDX-SwiftBaseUITests";
				PRODUCT_NAME = "$(TARGET_NAME)";
				SWIFT_VERSION = 4.0;
				TARGETED_DEVICE_FAMILY = "1,2";
				TEST_TARGET_NAME = LDX_SwiftBase;
			};
			name = Release;
		};
/* End XCBuildConfiguration section */

/* Begin XCConfigurationList section */
		042DF7EF1FECF7BD00F5E021 /* Build configuration list for PBXProject "LDX_SwiftBase" */ = {
			isa = XCConfigurationList;
			buildConfigurations = (
				042DF81A1FECF7BE00F5E021 /* Debug */,
				042DF81B1FECF7BE00F5E021 /* Release */,
			);
			defaultConfigurationIsVisible = 0;
			defaultConfigurationName = Release;
		};
		042DF81C1FECF7BE00F5E021 /* Build configuration list for PBXNativeTarget "LDX_SwiftBase" */ = {
			isa = XCConfigurationList;
			buildConfigurations = (
				042DF81D1FECF7BE00F5E021 /* Debug */,
				042DF81E1FECF7BE00F5E021 /* Release */,
			);
			defaultConfigurationIsVisible = 0;
			defaultConfigurationName = Release;
		};
		042DF81F1FECF7BE00F5E021 /* Build configuration list for PBXNativeTarget "LDX_SwiftBaseTests" */ = {
			isa = XCConfigurationList;
			buildConfigurations = (
				042DF8201FECF7BE00F5E021 /* Debug */,
				042DF8211FECF7BE00F5E021 /* Release */,
			);
			defaultConfigurationIsVisible = 0;
			defaultConfigurationName = Release;
		};
		042DF8221FECF7BE00F5E021 /* Build configuration list for PBXNativeTarget "LDX_SwiftBaseUITests" */ = {
			isa = XCConfigurationList;
			buildConfigurations = (
				042DF8231FECF7BE00F5E021 /* Debug */,
				042DF8241FECF7BE00F5E021 /* Release */,
			);
			defaultConfigurationIsVisible = 0;
			defaultConfigurationName = Release;
		};
/* End XCConfigurationList section */
	};
	rootObject = 042DF7EC1FECF7BD00F5E021 /* Project object */;
}
